
Microsoft Visual Studio Solution File, Format Version 12.00
# Visual Studio Version 17
VisualStudioVersion = 17.0.31903.59
MinimumVisualStudioVersion = 10.0.40219.1
Project("{2150E333-8FDC-42A3-9474-1A3956D46DE8}") = "src", "src", "{827E0CD3-B72D-47B6-A68D-7590B98EB39B}"
EndProject
Project("{FAE04EC0-301F-11D3-BF4B-00C04F79EFBC}") = "Fcg.Notifications.Domain", "src\Fcg.Notifications.Domain\Fcg.Notifications.Domain.csproj", "{8A5091EF-86D8-4DF5-8DC3-9C17CC8B6390}"
EndProject
Project("{FAE04EC0-301F-11D3-BF4B-00C04F79EFBC}") = "Fcg.Notifications.Application", "src\Fcg.Notifications.Application\Fcg.Notifications.Application.csproj", "{01F98CE7-8E65-41F8-98F9-80E1A510A5B9}"
EndProject
Project("{FAE04EC0-301F-11D3-BF4B-00C04F79EFBC}") = "Fcg.Notifications.Infrastructure", "src\Fcg.Notifications.Infrastructure\Fcg.Notifications.Infrastructure.csproj", "{78AA8CB4-24D1-4FFA-965D-F7C9C9E32181}"
EndProject
Project("{FAE04EC0-301F-11D3-BF4B-00C04F79EFBC}") = "Fcg.Notifications.WebApi", "src\Fcg.Notifications.WebApi\Fcg.Notifications.WebApi.csproj", "{82A67C69-2939-4B4B-BF38-933788BF3E7A}"
EndProject
Project("{2150E333-8FDC-42A3-9474-1A3956D46DE8}") = "test", "test", "{0C88DD14-F956-CE84-757C-A364CCF449FC}"
EndProject
Project("{FAE04EC0-301F-11D3-BF4B-00C04F79EFBC}") = "Fcg.Notifications.UnitTests", "test\Fcg.Notifications.UnitTests\Fcg.Notifications.UnitTests.csproj", "{00466746-1302-4D50-BAAF-CBA7B04A529B}"
EndProject
Project("{FAE04EC0-301F-11D3-BF4B-00C04F79EFBC}") = "Fcg.Notifications.IntegrationTests", "test\Fcg.Notifications.IntegrationTests\Fcg.Notifications.IntegrationTests.csproj", "{3FE8CAD7-AA16-4050-BBA6-109FC31FE0B7}"
EndProject
Global
	GlobalSection(SolutionConfigurationPlatforms) = preSolution
		Debug|Any CPU = Debug|Any CPU
		Debug|x64 = Debug|x64
		Debug|x86 = Debug|x86
		Release|Any CPU = Release|Any CPU
		Release|x64 = Release|x64
		Release|x86 = Release|x86
	EndGlobalSection
	GlobalSection(ProjectConfigurationPlatforms) = postSolution
		{8A5091EF-86D8-4DF5-8DC3-9C17CC8B6390}.Debug|Any CPU.ActiveCfg = Debug|Any CPU
		{8A5091EF-86D8-4DF5-8DC3-9C17CC8B6390}.Debug|Any CPU.Build.0 = Debug|Any CPU
		{8A5091EF-86D8-4DF5-8DC3-9C17CC8B6390}.Debug|x64.ActiveCfg = Debug|Any CPU
		{8A5091EF-86D8-4DF5-8DC3-9C17CC8B6390}.Debug|x64.Build.0 = Debug|Any CPU
		{8A5091EF-86D8-4DF5-8DC3-9C17CC8B6390}.Debug|x86.ActiveCfg = Debug|Any CPU
		{8A5091EF-86D8-4DF5-8DC3-9C17CC8B6390}.Debug|x86.Build.0 = Debug|Any CPU
		{8A5091EF-86D8-4DF5-8DC3-9C17CC8B6390}.Release|Any CPU.ActiveCfg = Release|Any CPU
		{8A5091EF-86D8-4DF5-8DC3-9C17CC8B6390}.Release|Any CPU.Build.0 = Release|Any CPU
		{8A5091EF-86D8-4DF5-8DC3-9C17CC8B6390}.Release|x64.ActiveCfg = Release|Any CPU
		{8A5091EF-86D8-4DF5-8DC3-9C17CC8B6390}.Release|x64.Build.0 = Release|Any CPU
		{8A5091EF-86D8-4DF5-8DC3-9C17CC8B6390}.Release|x86.ActiveCfg = Release|Any CPU
		{8A5091EF-86D8-4DF5-8DC3-9C17CC8B6390}.Release|x86.Build.0 = Release|Any CPU
		{01F98CE7-8E65-41F8-98F9-80E1A510A5B9}.Debug|Any CPU.ActiveCfg = Debug|Any CPU
		{01F98CE7-8E65-41F8-98F9-80E1A510A5B9}.Debug|Any CPU.Build.0 = Debug|Any CPU
		{01F98CE7-8E65-41F8-98F9-80E1A510A5B9}.Debug|x64.ActiveCfg = Debug|Any CPU
		{01F98CE7-8E65-41F8-98F9-80E1A510A5B9}.Debug|x64.Build.0 = Debug|Any CPU
		{01F98CE7-8E65-41F8-98F9-80E1A510A5B9}.Debug|x86.ActiveCfg = Debug|Any CPU
		{01F98CE7-8E65-41F8-98F9-80E1A510A5B9}.Debug|x86.Build.0 = Debug|Any CPU
		{01F98CE7-8E65-41F8-98F9-80E1A510A5B9}.Release|Any CPU.ActiveCfg = Release|Any CPU
		{01F98CE7-8E65-41F8-98F9-80E1A510A5B9}.Release|Any CPU.Build.0 = Release|Any CPU
		{01F98CE7-8E65-41F8-98F9-80E1A510A5B9}.Release|x64.ActiveCfg = Release|Any CPU
		{01F98CE7-8E65-41F8-98F9-80E1A510A5B9}.Release|x64.Build.0 = Release|Any CPU
		{01F98CE7-8E65-41F8-98F9-80E1A510A5B9}.Release|x86.ActiveCfg = Release|Any CPU
		{01F98CE7-8E65-41F8-98F9-80E1A510A5B9}.Release|x86.Build.0 = Release|Any CPU
		{78AA8CB4-24D1-4FFA-965D-F7C9C9E32181}.Debug|Any CPU.ActiveCfg = Debug|Any CPU
		{78AA8CB4-24D1-4FFA-965D-F7C9C9E32181}.Debug|Any CPU.Build.0 = Debug|Any CPU
		{78AA8CB4-24D1-4FFA-965D-F7C9C9E32181}.Debug|x64.ActiveCfg = Debug|Any CPU
		{78AA8CB4-24D1-4FFA-965D-F7C9C9E32181}.Debug|x64.Build.0 = Debug|Any CPU
		{78AA8CB4-24D1-4FFA-965D-F7C9C9E32181}.Debug|x86.ActiveCfg = Debug|Any CPU
		{78AA8CB4-24D1-4FFA-965D-F7C9C9E32181}.Debug|x86.Build.0 = Debug|Any CPU
		{78AA8CB4-24D1-4FFA-965D-F7C9C9E32181}.Release|Any CPU.ActiveCfg = Release|Any CPU
		{78AA8CB4-24D1-4FFA-965D-F7C9C9E32181}.Release|Any CPU.Build.0 = Release|Any CPU
		{78AA8CB4-24D1-4FFA-965D-F7C9C9E32181}.Release|x64.ActiveCfg = Release|Any CPU
		{78AA8CB4-24D1-4FFA-965D-F7C9C9E32181}.Release|x64.Build.0 = Release|Any CPU
		{78AA8CB4-24D1-4FFA-965D-F7C9C9E32181}.Release|x86.ActiveCfg = Release|Any CPU
		{78AA8CB4-24D1-4FFA-965D-F7C9C9E32181}.Release|x86.Build.0 = Release|Any CPU
		{82A67C69-2939-4B4B-BF38-933788BF3E7A}.Debug|Any CPU.ActiveCfg = Debug|Any CPU
		{82A67C69-2939-4B4B-BF38-933788BF3E7A}.Debug|Any CPU.Build.0 = Debug|Any CPU
		{82A67C69-2939-4B4B-BF38-933788BF3E7A}.Debug|x64.ActiveCfg = Debug|Any CPU
		{82A67C69-2939-4B4B-BF38-933788BF3E7A}.Debug|x64.Build.0 = Debug|Any CPU
		{82A67C69-2939-4B4B-BF38-933788BF3E7A}.Debug|x86.ActiveCfg = Debug|Any CPU
		{82A67C69-2939-4B4B-BF38-933788BF3E7A}.Debug|x86.Build.0 = Debug|Any CPU
		{82A67C69-2939-4B4B-BF38-933788BF3E7A}.Release|Any CPU.ActiveCfg = Release|Any CPU
		{82A67C69-2939-4B4B-BF38-933788BF3E7A}.Release|Any CPU.Build.0 = Release|Any CPU
		{82A67C69-2939-4B4B-BF38-933788BF3E7A}.Release|x64.ActiveCfg = Release|Any CPU
		{82A67C69-2939-4B4B-BF38-933788BF3E7A}.Release|x64.Build.0 = Release|Any CPU
		{82A67C69-2939-4B4B-BF38-933788BF3E7A}.Release|x86.ActiveCfg = Release|Any CPU
		{82A67C69-2939-4B4B-BF38-933788BF3E7A}.Release|x86.Build.0 = Release|Any CPU
		{00466746-1302-4D50-BAAF-CBA7B04A529B}.Debug|Any CPU.ActiveCfg = Debug|Any CPU
		{00466746-1302-4D50-BAAF-CBA7B04A529B}.Debug|Any CPU.Build.0 = Debug|Any CPU
		{00466746-1302-4D50-BAAF-CBA7B04A529B}.Debug|x64.ActiveCfg = Debug|Any CPU
		{00466746-1302-4D50-BAAF-CBA7B04A529B}.Debug|x64.Build.0 = Debug|Any CPU
		{00466746-1302-4D50-BAAF-CBA7B04A529B}.Debug|x86.ActiveCfg = Debug|Any CPU
		{00466746-1302-4D50-BAAF-CBA7B04A529B}.Debug|x86.Build.0 = Debug|Any CPU
		{00466746-1302-4D50-BAAF-CBA7B04A529B}.Release|Any CPU.ActiveCfg = Release|Any CPU
		{00466746-1302-4D50-BAAF-CBA7B04A529B}.Release|Any CPU.Build.0 = Release|Any CPU
		{00466746-1302-4D50-BAAF-CBA7B04A529B}.Release|x64.ActiveCfg = Release|Any CPU
		{00466746-1302-4D50-BAAF-CBA7B04A529B}.Release|x64.Build.0 = Release|Any CPU
		{00466746-1302-4D50-BAAF-CBA7B04A529B}.Release|x86.ActiveCfg = Release|Any CPU
		{00466746-1302-4D50-BAAF-CBA7B04A529B}.Release|x86.Build.0 = Release|Any CPU
		{3FE8CAD7-AA16-4050-BBA6-109FC31FE0B7}.Debug|Any CPU.ActiveCfg = Debug|Any CPU
		{3FE8CAD7-AA16-4050-BBA6-109FC31FE0B7}.Debug|Any CPU.Build.0 = Debug|Any CPU
		{3FE8CAD7-AA16-4050-BBA6-109FC31FE0B7}.Debug|x64.ActiveCfg = Debug|Any CPU
		{3FE8CAD7-AA16-4050-BBA6-109FC31FE0B7}.Debug|x64.Build.0 = Debug|Any CPU
		{3FE8CAD7-AA16-4050-BBA6-109FC31FE0B7}.Debug|x86.ActiveCfg = Debug|Any CPU
		{3FE8CAD7-AA16-4050-BBA6-109FC31FE0B7}.Debug|x86.Build.0 = Debug|Any CPU
		{3FE8CAD7-AA16-4050-BBA6-109FC31FE0B7}.Release|Any CPU.ActiveCfg = Release|Any CPU
		{3FE8CAD7-AA16-4050-BBA6-109FC31FE0B7}.Release|Any CPU.Build.0 = Release|Any CPU
		{3FE8CAD7-AA16-4050-BBA6-109FC31FE0B7}.Release|x64.ActiveCfg = Release|Any CPU
		{3FE8CAD7-AA16-4050-BBA6-109FC31FE0B7}.Release|x64.Build.0 = Release|Any CPU
		{3FE8CAD7-AA16-4050-BBA6-109FC31FE0B7}.Release|x86.ActiveCfg = Release|Any CPU
		{3FE8CAD7-AA16-4050-BBA6-109FC31FE0B7}.Release|x86.Build.0 = Release|Any CPU
	EndGlobalSection
	GlobalSection(SolutionProperties) = preSolution
		HideSolutionNode = FALSE
	EndGlobalSection
	GlobalSection(NestedProjects) = preSolution
		{8A5091EF-86D8-4DF5-8DC3-9C17CC8B6390} = {827E0CD3-B72D-47B6-A68D-7590B98EB39B}
		{01F98CE7-8E65-41F8-98F9-80E1A510A5B9} = {827E0CD3-B72D-47B6-A68D-7590B98EB39B}
		{78AA8CB4-24D1-4FFA-965D-F7C9C9E32181} = {827E0CD3-B72D-47B6-A68D-7590B98EB39B}
		{82A67C69-2939-4B4B-BF38-933788BF3E7A} = {827E0CD3-B72D-47B6-A68D-7590B98EB39B}
		{00466746-1302-4D50-BAAF-CBA7B04A529B} = {0C88DD14-F956-CE84-757C-A364CCF449FC}
		{3FE8CAD7-AA16-4050-BBA6-109FC31FE0B7} = {0C88DD14-F956-CE84-757C-A364CCF449FC}
	EndGlobalSection
EndGlobal
